// !$*UTF8*$!
{
	archiveVersion = 1;
	classes = {
	};
	objectVersion = 55;
	objects = {

/* Begin PBXBuildFile section */
		1402252028C83BD80042E00F /* ProgressCollectionViewCell.swift in Sources */ = {isa = PBXBuildFile; fileRef = 1402251F28C83BD80042E00F /* ProgressCollectionViewCell.swift */; };
		4FB61B7028C4420000F000E5 /* DetailsViewController.swift in Sources */ = {isa = PBXBuildFile; fileRef = 4FB61B6F28C4420000F000E5 /* DetailsViewController.swift */; };
		4FB61B7528C45E1800F000E5 /* HabitCollectionViewCell.swift in Sources */ = {isa = PBXBuildFile; fileRef = 4FB61B7428C45E1800F000E5 /* HabitCollectionViewCell.swift */; };
		4FB61B7728C45F1900F000E5 /* AddHabbitViewController.swift in Sources */ = {isa = PBXBuildFile; fileRef = 4FB61B7628C45F1900F000E5 /* AddHabbitViewController.swift */; };
		4FB61B7C28C4978800F000E5 /* ModelView.swift in Sources */ = {isa = PBXBuildFile; fileRef = 4FB61B7B28C4978800F000E5 /* ModelView.swift */; };
		4FC4E66128C0670F003DACAF /* AppDelegate.swift in Sources */ = {isa = PBXBuildFile; fileRef = 4FC4E66028C0670F003DACAF /* AppDelegate.swift */; };
		4FC4E66328C0670F003DACAF /* SceneDelegate.swift in Sources */ = {isa = PBXBuildFile; fileRef = 4FC4E66228C0670F003DACAF /* SceneDelegate.swift */; };
		4FC4E66A28C06711003DACAF /* Assets.xcassets in Resources */ = {isa = PBXBuildFile; fileRef = 4FC4E66928C06711003DACAF /* Assets.xcassets */; };
		4FC4E66D28C06711003DACAF /* LaunchScreen.storyboard in Resources */ = {isa = PBXBuildFile; fileRef = 4FC4E66B28C06711003DACAF /* LaunchScreen.storyboard */; };
		4FC4E67728C06A2F003DACAF /* HabitsStore.swift in Sources */ = {isa = PBXBuildFile; fileRef = 4FC4E67628C06A2F003DACAF /* HabitsStore.swift */; };
		4FC4E67928C08644003DACAF /* HabitsViewController.swift in Sources */ = {isa = PBXBuildFile; fileRef = 4FC4E67828C08644003DACAF /* HabitsViewController.swift */; };
		4FC4E67B28C08658003DACAF /* InfoViewController.swift in Sources */ = {isa = PBXBuildFile; fileRef = 4FC4E67A28C08658003DACAF /* InfoViewController.swift */; };
/* End PBXBuildFile section */

/* Begin PBXFileReference section */
		1402251F28C83BD80042E00F /* ProgressCollectionViewCell.swift */ = {isa = PBXFileReference; lastKnownFileType = sourcecode.swift; path = ProgressCollectionViewCell.swift; sourceTree = "<group>"; };
		4FB61B6F28C4420000F000E5 /* DetailsViewController.swift */ = {isa = PBXFileReference; lastKnownFileType = sourcecode.swift; path = DetailsViewController.swift; sourceTree = "<group>"; };
		4FB61B7428C45E1800F000E5 /* HabitCollectionViewCell.swift */ = {isa = PBXFileReference; lastKnownFileType = sourcecode.swift; path = HabitCollectionViewCell.swift; sourceTree = "<group>"; };
		4FB61B7628C45F1900F000E5 /* AddHabbitViewController.swift */ = {isa = PBXFileReference; lastKnownFileType = sourcecode.swift; path = AddHabbitViewController.swift; sourceTree = "<group>"; };
		4FB61B7B28C4978800F000E5 /* ModelView.swift */ = {isa = PBXFileReference; lastKnownFileType = sourcecode.swift; path = ModelView.swift; sourceTree = "<group>"; };
		4FC4E65D28C0670F003DACAF /* MyHabits.app */ = {isa = PBXFileReference; explicitFileType = wrapper.application; includeInIndex = 0; path = MyHabits.app; sourceTree = BUILT_PRODUCTS_DIR; };
		4FC4E66028C0670F003DACAF /* AppDelegate.swift */ = {isa = PBXFileReference; lastKnownFileType = sourcecode.swift; path = AppDelegate.swift; sourceTree = "<group>"; };
		4FC4E66228C0670F003DACAF /* SceneDelegate.swift */ = {isa = PBXFileReference; lastKnownFileType = sourcecode.swift; path = SceneDelegate.swift; sourceTree = "<group>"; };
		4FC4E66928C06711003DACAF /* Assets.xcassets */ = {isa = PBXFileReference; lastKnownFileType = folder.assetcatalog; path = Assets.xcassets; sourceTree = "<group>"; };
		4FC4E66C28C06711003DACAF /* Base */ = {isa = PBXFileReference; lastKnownFileType = file.storyboard; name = Base; path = Base.lproj/LaunchScreen.storyboard; sourceTree = "<group>"; };
		4FC4E66E28C06711003DACAF /* Info.plist */ = {isa = PBXFileReference; lastKnownFileType = text.plist.xml; path = Info.plist; sourceTree = "<group>"; };
		4FC4E67628C06A2F003DACAF /* HabitsStore.swift */ = {isa = PBXFileReference; lastKnownFileType = sourcecode.swift; path = HabitsStore.swift; sourceTree = "<group>"; };
		4FC4E67828C08644003DACAF /* HabitsViewController.swift */ = {isa = PBXFileReference; lastKnownFileType = sourcecode.swift; path = HabitsViewController.swift; sourceTree = "<group>"; };
		4FC4E67A28C08658003DACAF /* InfoViewController.swift */ = {isa = PBXFileReference; lastKnownFileType = sourcecode.swift; path = InfoViewController.swift; sourceTree = "<group>"; };
/* End PBXFileReference section */

/* Begin PBXFrameworksBuildPhase section */
		4FC4E65A28C0670F003DACAF /* Frameworks */ = {
			isa = PBXFrameworksBuildPhase;
			buildActionMask = 2147483647;
			files = (
			);
			runOnlyForDeploymentPostprocessing = 0;
		};
/* End PBXFrameworksBuildPhase section */

/* Begin PBXGroup section */
		4FB61B7128C444F400F000E5 /* Application */ = {
			isa = PBXGroup;
			children = (
				4FC4E66228C0670F003DACAF /* SceneDelegate.swift */,
				4FC4E66028C0670F003DACAF /* AppDelegate.swift */,
			);
			path = Application;
			sourceTree = "<group>";
		};
		4FB61B7228C45DB300F000E5 /* Habits */ = {
			isa = PBXGroup;
			children = (
				4FC4E67828C08644003DACAF /* HabitsViewController.swift */,
				4FB61B7628C45F1900F000E5 /* AddHabbitViewController.swift */,
				4FB61B6F28C4420000F000E5 /* DetailsViewController.swift */,
				4FB61B7828C4927500F000E5 /* Cell */,
			);
			path = Habits;
			sourceTree = "<group>";
		};
		4FB61B7328C45DDA00F000E5 /* Info */ = {
			isa = PBXGroup;
			children = (
				4FC4E67A28C08658003DACAF /* InfoViewController.swift */,
				4FB61B7B28C4978800F000E5 /* ModelView.swift */,
			);
			path = Info;
			sourceTree = "<group>";
		};
		4FB61B7828C4927500F000E5 /* Cell */ = {
			isa = PBXGroup;
			children = (
				1402251F28C83BD80042E00F /* ProgressCollectionViewCell.swift */,
				4FB61B7428C45E1800F000E5 /* HabitCollectionViewCell.swift */,
			);
			path = Cell;
			sourceTree = "<group>";
		};
		4FC4E65428C0670F003DACAF = {
			isa = PBXGroup;
			children = (
				4FC4E65F28C0670F003DACAF /* MyHabits */,
				4FC4E65E28C0670F003DACAF /* Products */,
			);
			sourceTree = "<group>";
		};
		4FC4E65E28C0670F003DACAF /* Products */ = {
			isa = PBXGroup;
			children = (
				4FC4E65D28C0670F003DACAF /* MyHabits.app */,
			);
			name = Products;
			sourceTree = "<group>";
		};
		4FC4E65F28C0670F003DACAF /* MyHabits */ = {
			isa = PBXGroup;
			children = (
				4FB61B7228C45DB300F000E5 /* Habits */,
				4FB61B7328C45DDA00F000E5 /* Info */,
				4FC4E67628C06A2F003DACAF /* HabitsStore.swift */,
				4FB61B7128C444F400F000E5 /* Application */,
				4FC4E66928C06711003DACAF /* Assets.xcassets */,
				4FC4E66B28C06711003DACAF /* LaunchScreen.storyboard */,
				4FC4E66E28C06711003DACAF /* Info.plist */,
			);
			path = MyHabits;
			sourceTree = "<group>";
		};
/* End PBXGroup section */

/* Begin PBXNativeTarget section */
		4FC4E65C28C0670F003DACAF /* MyHabits */ = {
			isa = PBXNativeTarget;
			buildConfigurationList = 4FC4E67128C06711003DACAF /* Build configuration list for PBXNativeTarget "MyHabits" */;
			buildPhases = (
				4FC4E65928C0670F003DACAF /* Sources */,
				4FC4E65A28C0670F003DACAF /* Frameworks */,
				4FC4E65B28C0670F003DACAF /* Resources */,
			);
			buildRules = (
			);
			dependencies = (
			);
			name = MyHabits;
			productName = MyHabits;
			productReference = 4FC4E65D28C0670F003DACAF /* MyHabits.app */;
			productType = "com.apple.product-type.application";
		};
/* End PBXNativeTarget section */

/* Begin PBXProject section */
		4FC4E65528C0670F003DACAF /* Project object */ = {
			isa = PBXProject;
			attributes = {
				BuildIndependentTargetsInParallel = 1;
				LastSwiftUpdateCheck = 1340;
				LastUpgradeCheck = 1340;
				TargetAttributes = {
					4FC4E65C28C0670F003DACAF = {
						CreatedOnToolsVersion = 13.4.1;
					};
				};
			};
			buildConfigurationList = 4FC4E65828C0670F003DACAF /* Build configuration list for PBXProject "MyHabits" */;
			compatibilityVersion = "Xcode 13.0";
			developmentRegion = en;
			hasScannedForEncodings = 0;
			knownRegions = (
				en,
				Base,
			);
			mainGroup = 4FC4E65428C0670F003DACAF;
			productRefGroup = 4FC4E65E28C0670F003DACAF /* Products */;
			projectDirPath = "";
			projectRoot = "";
			targets = (
				4FC4E65C28C0670F003DACAF /* MyHabits */,
			);
		};
/* End PBXProject section */

/* Begin PBXResourcesBuildPhase section */
		4FC4E65B28C0670F003DACAF /* Resources */ = {
			isa = PBXResourcesBuildPhase;
			buildActionMask = 2147483647;
			files = (
				4FC4E66D28C06711003DACAF /* LaunchScreen.storyboard in Resources */,
				4FC4E66A28C06711003DACAF /* Assets.xcassets in Resources */,
			);
			runOnlyForDeploymentPostprocessing = 0;
		};
/* End PBXResourcesBuildPhase section */

/* Begin PBXSourcesBuildPhase section */
		4FC4E65928C0670F003DACAF /* Sources */ = {
			isa = PBXSourcesBuildPhase;
			buildActionMask = 2147483647;
			files = (
				4FC4E67728C06A2F003DACAF /* HabitsStore.swift in Sources */,
				4FC4E66128C0670F003DACAF /* AppDelegate.swift in Sources */,
				4FB61B7728C45F1900F000E5 /* AddHabbitViewController.swift in Sources */,
				4FB61B7C28C4978800F000E5 /* ModelView.swift in Sources */,
				4FB61B7528C45E1800F000E5 /* HabitCollectionViewCell.swift in Sources */,
				4FC4E67928C08644003DACAF /* HabitsViewController.swift in Sources */,
				1402252028C83BD80042E00F /* ProgressCollectionViewCell.swift in Sources */,
				4FB61B7028C4420000F000E5 /* DetailsViewController.swift in Sources */,
				4FC4E67B28C08658003DACAF /* InfoViewController.swift in Sources */,
				4FC4E66328C0670F003DACAF /* SceneDelegate.swift in Sources */,
			);
			runOnlyForDeploymentPostprocessing = 0;
		};
/* End PBXSourcesBuildPhase section */

/* Begin PBXVariantGroup section */
		4FC4E66B28C06711003DACAF /* LaunchScreen.storyboard */ = {
			isa = PBXVariantGroup;
			children = (
				4FC4E66C28C06711003DACAF /* Base */,
			);
			name = LaunchScreen.storyboard;
			sourceTree = "<group>";
		};
/* End PBXVariantGroup section */

/* Begin XCBuildConfiguration section */
		4FC4E66F28C06711003DACAF /* Debug */ = {
			isa = XCBuildConfiguration;
			buildSettings = {
				ALWAYS_SEARCH_USER_PATHS = NO;
				CLANG_ANALYZER_NONNULL = YES;
				CLANG_ANALYZER_NUMBER_OBJECT_CONVERSION = YES_AGGRESSIVE;
				CLANG_CXX_LANGUAGE_STANDARD = "gnu++17";
				CLANG_ENABLE_MODULES = YES;
				CLANG_ENABLE_OBJC_ARC = YES;
				CLANG_ENABLE_OBJC_WEAK = YES;
				CLANG_WARN_BLOCK_CAPTURE_AUTORELEASING = YES;
				CLANG_WARN_BOOL_CONVERSION = YES;
				CLANG_WARN_COMMA = YES;
				CLANG_WARN_CONSTANT_CONVERSION = YES;
				CLANG_WARN_DEPRECATED_OBJC_IMPLEMENTATIONS = YES;
				CLANG_WARN_DIRECT_OBJC_ISA_USAGE = YES_ERROR;
				CLANG_WARN_DOCUMENTATION_COMMENTS = YES;
				CLANG_WARN_EMPTY_BODY = YES;
				CLANG_WARN_ENUM_CONVERSION = YES;
				CLANG_WARN_INFINITE_RECURSION = YES;
				CLANG_WARN_INT_CONVERSION = YES;
				CLANG_WARN_NON_LITERAL_NULL_CONVERSION = YES;
				CLANG_WARN_OBJC_IMPLICIT_RETAIN_SELF = YES;
				CLANG_WARN_OBJC_LITERAL_CONVERSION = YES;
				CLANG_WARN_OBJC_ROOT_CLASS = YES_ERROR;
				CLANG_WARN_QUOTED_INCLUDE_IN_FRAMEWORK_HEADER = YES;
				CLANG_WARN_RANGE_LOOP_ANALYSIS = YES;
				CLANG_WARN_STRICT_PROTOTYPES = YES;
				CLANG_WARN_SUSPICIOUS_MOVE = YES;
				CLANG_WARN_UNGUARDED_AVAILABILITY = YES_AGGRESSIVE;
				CLANG_WARN_UNREACHABLE_CODE = YES;
				CLANG_WARN__DUPLICATE_METHOD_MATCH = YES;
				COPY_PHASE_STRIP = NO;
				DEBUG_INFORMATION_FORMAT = dwarf;
				ENABLE_STRICT_OBJC_MSGSEND = YES;
				ENABLE_TESTABILITY = YES;
				GCC_C_LANGUAGE_STANDARD = gnu11;
				GCC_DYNAMIC_NO_PIC = NO;
				GCC_NO_COMMON_BLOCKS = YES;
				GCC_OPTIMIZATION_LEVEL = 0;
				GCC_PREPROCESSOR_DEFINITIONS = (
					"DEBUG=1",
					"$(inherited)",
				);
				GCC_WARN_64_TO_32_BIT_CONVERSION = YES;
				GCC_WARN_ABOUT_RETURN_TYPE = YES_ERROR;
				GCC_WARN_UNDECLARED_SELECTOR = YES;
				GCC_WARN_UNINITIALIZED_AUTOS = YES_AGGRESSIVE;
				GCC_WARN_UNUSED_FUNCTION = YES;
				GCC_WARN_UNUSED_VARIABLE = YES;
				IPHONEOS_DEPLOYMENT_TARGET = 15.5;
				MTL_ENABLE_DEBUG_INFO = INCLUDE_SOURCE;
				MTL_FAST_MATH = YES;
				ONLY_ACTIVE_ARCH = YES;
				SDKROOT = iphoneos;
				SWIFT_ACTIVE_COMPILATION_CONDITIONS = DEBUG;
				SWIFT_OPTIMIZATION_LEVEL = "-Onone";
			};
			name = Debug;
		};
		4FC4E67028C06711003DACAF /* Release */ = {
			isa = XCBuildConfiguration;
			buildSettings = {
				ALWAYS_SEARCH_USER_PATHS = NO;
				CLANG_ANALYZER_NONNULL = YES;
				CLANG_ANALYZER_NUMBER_OBJECT_CONVERSION = YES_AGGRESSIVE;
				CLANG_CXX_LANGUAGE_STANDARD = "gnu++17";
				CLANG_ENABLE_MODULES = YES;
				CLANG_ENABLE_OBJC_ARC = YES;
				CLANG_ENABLE_OBJC_WEAK = YES;
				CLANG_WARN_BLOCK_CAPTURE_AUTORELEASING = YES;
				CLANG_WARN_BOOL_CONVERSION = YES;
				CLANG_WARN_COMMA = YES;
				CLANG_WARN_CONSTANT_CONVERSION = YES;
				CLANG_WARN_DEPRECATED_OBJC_IMPLEMENTATIONS = YES;
				CLANG_WARN_DIRECT_OBJC_ISA_USAGE = YES_ERROR;
				CLANG_WARN_DOCUMENTATION_COMMENTS = YES;
				CLANG_WARN_EMPTY_BODY = YES;
				CLANG_WARN_ENUM_CONVERSION = YES;
				CLANG_WARN_INFINITE_RECURSION = YES;
				CLANG_WARN_INT_CONVERSION = YES;
				CLANG_WARN_NON_LITERAL_NULL_CONVERSION = YES;
				CLANG_WARN_OBJC_IMPLICIT_RETAIN_SELF = YES;
				CLANG_WARN_OBJC_LITERAL_CONVERSION = YES;
				CLANG_WARN_OBJC_ROOT_CLASS = YES_ERROR;
				CLANG_WARN_QUOTED_INCLUDE_IN_FRAMEWORK_HEADER = YES;
				CLANG_WARN_RANGE_LOOP_ANALYSIS = YES;
				CLANG_WARN_STRICT_PROTOTYPES = YES;
				CLANG_WARN_SUSPICIOUS_MOVE = YES;
				CLANG_WARN_UNGUARDED_AVAILABILITY = YES_AGGRESSIVE;
				CLANG_WARN_UNREACHABLE_CODE = YES;
				CLANG_WARN__DUPLICATE_METHOD_MATCH = YES;
				COPY_PHASE_STRIP = NO;
				DEBUG_INFORMATION_FORMAT = "dwarf-with-dsym";
				ENABLE_NS_ASSERTIONS = NO;
				ENABLE_STRICT_OBJC_MSGSEND = YES;
				GCC_C_LANGUAGE_STANDARD = gnu11;
				GCC_NO_COMMON_BLOCKS = YES;
				GCC_WARN_64_TO_32_BIT_CONVERSION = YES;
				GCC_WARN_ABOUT_RETURN_TYPE = YES_ERROR;
				GCC_WARN_UNDECLARED_SELECTOR = YES;
				GCC_WARN_UNINITIALIZED_AUTOS = YES_AGGRESSIVE;
				GCC_WARN_UNUSED_FUNCTION = YES;
				GCC_WARN_UNUSED_VARIABLE = YES;
				IPHONEOS_DEPLOYMENT_TARGET = 15.5;
				MTL_ENABLE_DEBUG_INFO = NO;
				MTL_FAST_MATH = YES;
				SDKROOT = iphoneos;
				SWIFT_COMPILATION_MODE = wholemodule;
				SWIFT_OPTIMIZATION_LEVEL = "-O";
				VALIDATE_PRODUCT = YES;
			};
			name = Release;
		};
		4FC4E67228C06711003DACAF /* Debug */ = {
			isa = XCBuildConfiguration;
			buildSettings = {
				ASSETCATALOG_COMPILER_APPICON_NAME = AppIcon;
				ASSETCATALOG_COMPILER_GLOBAL_ACCENT_COLOR_NAME = AccentColor;
				CODE_SIGN_STYLE = Automatic;
				CURRENT_PROJECT_VERSION = 1;
				DEVELOPMENT_TEAM = YY78XVR2DH;
				GENERATE_INFOPLIST_FILE = YES;
				INFOPLIST_FILE = MyHabits/Info.plist;
				INFOPLIST_KEY_UIApplicationSupportsIndirectInputEvents = YES;
				INFOPLIST_KEY_UILaunchStoryboardName = LaunchScreen;
				INFOPLIST_KEY_UISupportedInterfaceOrientations_iPad = "UIInterfaceOrientationPortrait UIInterfaceOrientationPortraitUpsideDown UIInterfaceOrientationLandscapeLeft UIInterfaceOrientationLandscapeRight";
				INFOPLIST_KEY_UISupportedInterfaceOrientations_iPhone = "UIInterfaceOrientationPortrait UIInterfaceOrientationLandscapeLeft UIInterfaceOrientationLandscapeRight";
				LD_RUNPATH_SEARCH_PATHS = (
					"$(inherited)",
					"@executable_path/Frameworks",
				);
				MARKETING_VERSION = 1.0;
				PRODUCT_BUNDLE_IDENTIFIER = Kiryl.MyHabits;
				PRODUCT_NAME = "$(TARGET_NAME)";
				SWIFT_EMIT_LOC_STRINGS = YES;
				SWIFT_VERSION = 5.0;
				TARGETED_DEVICE_FAMILY = "1,2";
			};
			name = Debug;
		};
		4FC4E67328C06711003DACAF /* Release */ = {
			isa = XCBuildConfiguration;
			buildSettings = {
				ASSETCATALOG_COMPILER_APPICON_NAME = AppIcon;
				ASSETCATALOG_COMPILER_GLOBAL_ACCENT_COLOR_NAME = AccentColor;
				CODE_SIGN_STYLE = Automatic;
				CURRENT_PROJECT_VERSION = 1;
				DEVELOPMENT_TEAM = YY78XVR2DH;
				GENERATE_INFOPLIST_FILE = YES;
				INFOPLIST_FILE = MyHabits/Info.plist;
				INFOPLIST_KEY_UIApplicationSupportsIndirectInputEvents = YES;
				INFOPLIST_KEY_UILaunchStoryboardName = LaunchScreen;
				INFOPLIST_KEY_UISupportedInterfaceOrientations_iPad = "UIInterfaceOrientationPortrait UIInterfaceOrientationPortraitUpsideDown UIInterfaceOrientationLandscapeLeft UIInterfaceOrientationLandscapeRight";
				INFOPLIST_KEY_UISupportedInterfaceOrientations_iPhone = "UIInterfaceOrientationPortrait UIInterfaceOrientationLandscapeLeft UIInterfaceOrientationLandscapeRight";
				LD_RUNPATH_SEARCH_PATHS = (
					"$(inherited)",
					"@executable_path/Frameworks",
				);
				MARKETING_VERSION = 1.0;
				PRODUCT_BUNDLE_IDENTIFIER = Kiryl.MyHabits;
				PRODUCT_NAME = "$(TARGET_NAME)";
				SWIFT_EMIT_LOC_STRINGS = YES;
				SWIFT_VERSION = 5.0;
				TARGETED_DEVICE_FAMILY = "1,2";
			};
			name = Release;
		};
/* End XCBuildConfiguration section */

/* Begin XCConfigurationList section */
		4FC4E65828C0670F003DACAF /* Build configuration list for PBXProject "MyHabits" */ = {
			isa = XCConfigurationList;
			buildConfigurations = (
				4FC4E66F28C06711003DACAF /* Debug */,
				4FC4E67028C06711003DACAF /* Release */,
			);
			defaultConfigurationIsVisible = 0;
			defaultConfigurationName = Release;
		};
		4FC4E67128C06711003DACAF /* Build configuration list for PBXNativeTarget "MyHabits" */ = {
			isa = XCConfigurationList;
			buildConfigurations = (
				4FC4E67228C06711003DACAF /* Debug */,
				4FC4E67328C06711003DACAF /* Release */,
			);
			defaultConfigurationIsVisible = 0;
			defaultConfigurationName = Release;
		};
/* End XCConfigurationList section */
	};
	rootObject = 4FC4E65528C0670F003DACAF /* Project object */;
}
